
Microsoft Visual Studio Solution File, Format Version 12.00
# Visual Studio Version 16
VisualStudioVersion = 16.0.29025.244
MinimumVisualStudioVersion = 10.0.40219.1
Project("{FAE04EC0-301F-11D3-BF4B-00C04F79EFBC}") = "WebApplication1_forgit", "WebApplication1_forgit\WebApplication1_forgit.csproj", "{D8AD491E-2A0F-4044-8646-9FCB1EDC7D8E}"
EndProject
Global
	GlobalSection(SolutionConfigurationPlatforms) = preSolution
		Debug|Any CPU = Debug|Any CPU
		Release|Any CPU = Release|Any CPU
	EndGlobalSection
	GlobalSection(ProjectConfigurationPlatforms) = postSolution
		{D8AD491E-2A0F-4044-8646-9FCB1EDC7D8E}.Debug|Any CPU.ActiveCfg = Debug|Any CPU
		{D8AD491E-2A0F-4044-8646-9FCB1EDC7D8E}.Debug|Any CPU.Build.0 = Debug|Any CPU
		{D8AD491E-2A0F-4044-8646-9FCB1EDC7D8E}.Release|Any CPU.ActiveCfg = Release|Any CPU
		{D8AD491E-2A0F-4044-8646-9FCB1EDC7D8E}.Release|Any CPU.Build.0 = Release|Any CPU
	EndGlobalSection
	GlobalSection(SolutionProperties) = preSolution
		HideSolutionNode = FALSE
	EndGlobalSection
	GlobalSection(ExtensibilityGlobals) = postSolution
		SolutionGuid = {7107E075-7066-4D6A-ADC4-7843410474A3}
	EndGlobalSection
EndGlobal
